<?xml version="1.0" encoding="UTF-8"?>
<!DOCTYPE plist PUBLIC "-//Apple//DTD PLIST 1.0//EN" "http://www.apple.com/DTDs/PropertyList-1.0.dtd">
<plist version="1.0">
<dict>
	<key>archiveVersion</key>
	<string>1</string>
	<key>classes</key>
	<dict/>
	<key>objectVersion</key>
	<string>46</string>
	<key>objects</key>
	<dict>
		<key>022BC06827F548678D6307DA</key>
		<dict>
			<key>fileRef</key>
			<string>446B09DFE9C7430CA17D098C</string>
			<key>isa</key>
			<string>PBXBuildFile</string>
			<key>settings</key>
			<dict/>
		</dict>
		<key>2AED7C91098D4E78BC0FEAE0</key>
		<dict>
			<key>buildActionMask</key>
			<string>2147483647</string>
			<key>files</key>
			<array/>
			<key>inputPaths</key>
			<array/>
			<key>isa</key>
			<string>PBXShellScriptBuildPhase</string>
			<key>name</key>
			<string>Check Pods Manifest.lock</string>
			<key>outputPaths</key>
			<array/>
			<key>runOnlyForDeploymentPostprocessing</key>
			<string>0</string>
			<key>shellPath</key>
			<string>/bin/sh</string>
			<key>shellScript</key>
			<string>diff "${PODS_ROOT}/../Podfile.lock" "${PODS_ROOT}/Manifest.lock" &gt; /dev/null
if [[ $? != 0 ]] ; then
    cat &lt;&lt; EOM
error: The sandbox is not in sync with the Podfile.lock. Run 'pod install' or update your CocoaPods installation.
EOM
    exit 1
fi
</string>
		</dict>
		<key>446B09DFE9C7430CA17D098C</key>
		<dict>
			<key>explicitFileType</key>
			<string>archive.ar</string>
			<key>includeInIndex</key>
			<string>0</string>
			<key>isa</key>
			<string>PBXFileReference</string>
			<key>name</key>
			<string>libPods-Cross Stitch Library.a</string>
			<key>path</key>
			<string>libPods-Cross Stitch Library.a</string>
			<key>sourceTree</key>
			<string>BUILT_PRODUCTS_DIR</string>
		</dict>
		<key>698399400D1B4FC19A551453</key>
		<dict>
			<key>includeInIndex</key>
			<string>1</string>
			<key>isa</key>
			<string>PBXFileReference</string>
			<key>lastKnownFileType</key>
			<string>text.xcconfig</string>
			<key>name</key>
			<string>Pods.xcconfig</string>
			<key>path</key>
			<string>Pods/Pods.xcconfig</string>
			<key>sourceTree</key>
			<string>SOURCE_ROOT</string>
		</dict>
		<key>7A9CC5B7621E4E90853571F1</key>
		<dict>
			<key>buildActionMask</key>
			<string>2147483647</string>
			<key>files</key>
			<array/>
			<key>inputPaths</key>
			<array/>
			<key>isa</key>
			<string>PBXShellScriptBuildPhase</string>
			<key>name</key>
			<string>Check Pods Manifest.lock</string>
			<key>outputPaths</key>
			<array/>
			<key>runOnlyForDeploymentPostprocessing</key>
			<string>0</string>
			<key>shellPath</key>
			<string>/bin/sh</string>
			<key>shellScript</key>
			<string>diff "${PODS_ROOT}/../Podfile.lock" "${PODS_ROOT}/Manifest.lock" &gt; /dev/null
if [[ $? != 0 ]] ; then
    cat &lt;&lt; EOM
error: The sandbox is not in sync with the Podfile.lock. Run 'pod install' or update your CocoaPods installation.
EOM
    exit 1
fi
</string>
			<key>showEnvVarsInLog</key>
			<string>1</string>
		</dict>
		<key>8C1771FF84494C568F43E0E0</key>
		<dict>
			<key>buildActionMask</key>
			<string>2147483647</string>
			<key>files</key>
			<array/>
			<key>inputPaths</key>
			<array/>
			<key>isa</key>
			<string>PBXShellScriptBuildPhase</string>
			<key>name</key>
			<string>Check Pods Manifest.lock</string>
			<key>outputPaths</key>
			<array/>
			<key>runOnlyForDeploymentPostprocessing</key>
			<string>0</string>
			<key>shellPath</key>
			<string>/bin/sh</string>
			<key>shellScript</key>
			<string>diff "${PODS_ROOT}/../Podfile.lock" "${PODS_ROOT}/Manifest.lock" &gt; /dev/null
if [[ $? != 0 ]] ; then
    cat &lt;&lt; EOM
error: The sandbox is not in sync with the Podfile.lock. Run 'pod install' or update your CocoaPods installation.
EOM
    exit 1
fi
</string>
		</dict>
		<key>8D7FCD18CD2648B88A5F2961</key>
		<dict>
			<key>buildActionMask</key>
			<string>2147483647</string>
			<key>files</key>
			<array/>
			<key>inputPaths</key>
			<array/>
			<key>isa</key>
			<string>PBXShellScriptBuildPhase</string>
			<key>name</key>
			<string>Copy Pods Resources</string>
			<key>outputPaths</key>
			<array/>
			<key>runOnlyForDeploymentPostprocessing</key>
			<string>0</string>
			<key>shellPath</key>
			<string>/bin/sh</string>
			<key>shellScript</key>
			<string>"${SRCROOT}/Pods/Pods-Cross Stitch Library-resources.sh"
</string>
			<key>showEnvVarsInLog</key>
			<string>1</string>
		</dict>
		<key>96DB9671C08242DFB24BEA16</key>
		<dict>
			<key>explicitFileType</key>
			<string>archive.ar</string>
			<key>includeInIndex</key>
			<string>0</string>
			<key>isa</key>
			<string>PBXFileReference</string>
			<key>path</key>
			<string>libPods.a</string>
			<key>sourceTree</key>
			<string>BUILT_PRODUCTS_DIR</string>
		</dict>
		<key>97D7D3C73AF6470384A63620</key>
		<dict>
			<key>includeInIndex</key>
			<string>1</string>
			<key>isa</key>
			<string>PBXFileReference</string>
			<key>lastKnownFileType</key>
			<string>text.xcconfig</string>
			<key>name</key>
			<string>Pods-Cross Stitch Library.xcconfig</string>
			<key>path</key>
			<string>Pods/Pods-Cross Stitch Library.xcconfig</string>
			<key>sourceTree</key>
			<string>SOURCE_ROOT</string>
		</dict>
		<key>A7754451484C4ADC86143521</key>
		<dict>
			<key>buildActionMask</key>
			<string>2147483647</string>
			<key>files</key>
			<array/>
			<key>inputPaths</key>
			<array/>
			<key>isa</key>
			<string>PBXShellScriptBuildPhase</string>
			<key>name</key>
			<string>Copy Pods Resources</string>
			<key>outputPaths</key>
			<array/>
			<key>runOnlyForDeploymentPostprocessing</key>
			<string>0</string>
			<key>shellPath</key>
			<string>/bin/sh</string>
			<key>shellScript</key>
			<string>"${SRCROOT}/Pods/Pods-Cross Stitch Library-resources.sh"
</string>
		</dict>
		<key>C82D7FC70D32479481186D7A</key>
		<dict>
			<key>buildActionMask</key>
			<string>2147483647</string>
			<key>files</key>
			<array/>
			<key>inputPaths</key>
			<array/>
			<key>isa</key>
			<string>PBXShellScriptBuildPhase</string>
			<key>name</key>
			<string>Copy Pods Resources</string>
			<key>outputPaths</key>
			<array/>
			<key>runOnlyForDeploymentPostprocessing</key>
			<string>0</string>
			<key>shellPath</key>
			<string>/bin/sh</string>
			<key>shellScript</key>
			<string>"${SRCROOT}/Pods/Pods-resources.sh"
</string>
		</dict>
		<key>CC3B4A525A12496B87DAB1CF</key>
		<dict>
			<key>explicitFileType</key>
			<string>archive.ar</string>
			<key>includeInIndex</key>
			<string>0</string>
			<key>isa</key>
			<string>PBXFileReference</string>
			<key>path</key>
			<string>libPods-Cross Stitch Library.a</string>
			<key>sourceTree</key>
			<string>BUILT_PRODUCTS_DIR</string>
		</dict>
		<key>EC0F6BC016DCC6E8007FF7CF</key>
		<dict>
			<key>fileEncoding</key>
			<string>4</string>
			<key>isa</key>
			<string>PBXFileReference</string>
			<key>lastKnownFileType</key>
			<string>sourcecode.c.h</string>
			<key>path</key>
			<string>ArtWorkInfo.h</string>
			<key>sourceTree</key>
			<string>&lt;group&gt;</string>
		</dict>
		<key>EC0F6BC116DCC6E8007FF7CF</key>
		<dict>
			<key>fileEncoding</key>
			<string>4</string>
			<key>isa</key>
			<string>PBXFileReference</string>
			<key>lastKnownFileType</key>
			<string>sourcecode.c.objc</string>
			<key>path</key>
			<string>ArtWorkInfo.m</string>
			<key>sourceTree</key>
			<string>&lt;group&gt;</string>
		</dict>
		<key>EC0F6BC216DCC6E9007FF7CF</key>
		<dict>
			<key>fileRef</key>
			<string>EC0F6BC116DCC6E8007FF7CF</string>
			<key>isa</key>
			<string>PBXBuildFile</string>
		</dict>
		<key>EC4AC3961743F3B600E5D224</key>
		<dict>
			<key>fileEncoding</key>
			<string>4</string>
			<key>isa</key>
			<string>PBXFileReference</string>
			<key>lastKnownFileType</key>
			<string>sourcecode.c.h</string>
			<key>path</key>
			<string>CSGXmlParser.h</string>
			<key>sourceTree</key>
			<string>&lt;group&gt;</string>
		</dict>
		<key>EC4AC3971743F3B600E5D224</key>
		<dict>
			<key>fileEncoding</key>
			<string>4</string>
			<key>isa</key>
			<string>PBXFileReference</string>
			<key>lastKnownFileType</key>
			<string>sourcecode.c.objc</string>
			<key>path</key>
			<string>CSGXmlParser.m</string>
			<key>sourceTree</key>
			<string>&lt;group&gt;</string>
		</dict>
		<key>EC4AC3981743F3B600E5D224</key>
		<dict>
			<key>fileRef</key>
			<string>EC4AC3971743F3B600E5D224</string>
			<key>isa</key>
			<string>PBXBuildFile</string>
		</dict>
		<key>EC4AC39917441E8900E5D224</key>
		<dict>
			<key>fileEncoding</key>
			<string>4</string>
			<key>isa</key>
			<string>PBXFileReference</string>
			<key>lastKnownFileType</key>
			<string>sourcecode.c.h</string>
			<key>path</key>
			<string>CSGDesignXmlParser.h</string>
			<key>sourceTree</key>
			<string>&lt;group&gt;</string>
		</dict>
		<key>EC4AC39A17441E8900E5D224</key>
		<dict>
			<key>fileEncoding</key>
			<string>4</string>
			<key>isa</key>
			<string>PBXFileReference</string>
			<key>lastKnownFileType</key>
			<string>sourcecode.c.objc</string>
			<key>path</key>
			<string>CSGDesignXmlParser.m</string>
			<key>sourceTree</key>
			<string>&lt;group&gt;</string>
		</dict>
		<key>EC4AC39B17441E8900E5D224</key>
		<dict>
			<key>fileRef</key>
			<string>EC4AC39A17441E8900E5D224</string>
			<key>isa</key>
			<string>PBXBuildFile</string>
		</dict>
		<key>EC869B91171BE7F000DA8AE4</key>
		<dict>
			<key>fileEncoding</key>
			<string>4</string>
			<key>isa</key>
			<string>PBXFileReference</string>
			<key>lastKnownFileType</key>
			<string>sourcecode.c.h</string>
			<key>path</key>
			<string>CSGMemorySetWithIndex.h</string>
			<key>sourceTree</key>
			<string>&lt;group&gt;</string>
		</dict>
		<key>EC869B92171BE7F000DA8AE4</key>
		<dict>
			<key>fileEncoding</key>
			<string>4</string>
			<key>isa</key>
			<string>PBXFileReference</string>
			<key>lastKnownFileType</key>
			<string>sourcecode.c.objc</string>
			<key>path</key>
			<string>CSGMemorySetWithIndex.m</string>
			<key>sourceTree</key>
			<string>&lt;group&gt;</string>
		</dict>
		<key>EC869B93171BE7F000DA8AE4</key>
		<dict>
			<key>fileRef</key>
			<string>EC869B92171BE7F000DA8AE4</string>
			<key>isa</key>
			<string>PBXBuildFile</string>
		</dict>
		<key>EC869B94171BEACD00DA8AE4</key>
		<dict>
			<key>fileEncoding</key>
			<string>4</string>
			<key>isa</key>
			<string>PBXFileReference</string>
			<key>lastKnownFileType</key>
			<string>sourcecode.c.h</string>
			<key>path</key>
			<string>CSGDesignGenerator.h</string>
			<key>sourceTree</key>
			<string>&lt;group&gt;</string>
		</dict>
		<key>EC869B95171BEACD00DA8AE4</key>
		<dict>
			<key>fileEncoding</key>
			<string>4</string>
			<key>isa</key>
			<string>PBXFileReference</string>
			<key>lastKnownFileType</key>
			<string>sourcecode.c.objc</string>
			<key>path</key>
			<string>CSGDesignGenerator.m</string>
			<key>sourceTree</key>
			<string>&lt;group&gt;</string>
		</dict>
		<key>EC869B96171BEACD00DA8AE4</key>
		<dict>
			<key>fileRef</key>
			<string>EC869B95171BEACD00DA8AE4</string>
			<key>isa</key>
			<string>PBXBuildFile</string>
		</dict>
		<key>ECB42D7B1715ECF1000C8037</key>
		<dict>
			<key>fileEncoding</key>
			<string>4</string>
			<key>isa</key>
			<string>PBXFileReference</string>
			<key>lastKnownFileType</key>
			<string>sourcecode.c.h</string>
			<key>path</key>
			<string>CSGStraightStitch.h</string>
			<key>sourceTree</key>
			<string>&lt;group&gt;</string>
		</dict>
		<key>ECB42D7C1715ECF1000C8037</key>
		<dict>
			<key>fileEncoding</key>
			<string>4</string>
			<key>isa</key>
			<string>PBXFileReference</string>
			<key>lastKnownFileType</key>
			<string>sourcecode.c.objc</string>
			<key>path</key>
			<string>CSGStraightStitch.m</string>
			<key>sourceTree</key>
			<string>&lt;group&gt;</string>
		</dict>
		<key>ECB42D7D1715ECF1000C8037</key>
		<dict>
			<key>fileRef</key>
			<string>ECB42D7C1715ECF1000C8037</string>
			<key>isa</key>
			<string>PBXBuildFile</string>
		</dict>
		<key>ECB42D7E1715ED90000C8037</key>
		<dict>
			<key>fileEncoding</key>
			<string>4</string>
			<key>isa</key>
			<string>PBXFileReference</string>
			<key>lastKnownFileType</key>
			<string>sourcecode.c.h</string>
			<key>path</key>
			<string>CSGDesign.h</string>
			<key>sourceTree</key>
			<string>&lt;group&gt;</string>
		</dict>
		<key>ECB42D7F1715ED90000C8037</key>
		<dict>
			<key>fileEncoding</key>
			<string>4</string>
			<key>isa</key>
			<string>PBXFileReference</string>
			<key>lastKnownFileType</key>
			<string>sourcecode.c.objc</string>
			<key>path</key>
			<string>CSGDesign.m</string>
			<key>sourceTree</key>
			<string>&lt;group&gt;</string>
		</dict>
		<key>ECB42D801715ED90000C8037</key>
		<dict>
			<key>fileRef</key>
			<string>ECB42D7F1715ED90000C8037</string>
			<key>isa</key>
			<string>PBXBuildFile</string>
		</dict>
		<key>ECB71DE216E7E77A000FC6F4</key>
		<dict>
			<key>children</key>
			<array>
				<string>ECCB3BA416D50348002C4033</string>
				<string>ECCB3BA516D50348002C4033</string>
				<string>ECE7671816F3B85F00D5A67A</string>
				<string>ECE7671916F3B85F00D5A67A</string>
				<string>ECB42D7B1715ECF1000C8037</string>
				<string>ECB42D7C1715ECF1000C8037</string>
				<string>ECCFD9F016F0F903004FE762</string>
				<string>ECCFD9F116F0F903004FE762</string>
				<string>ECC91921170CAF2F00CA4077</string>
				<string>ECC91922170CAF2F00CA4077</string>
				<string>ECC91924170CB19200CA4077</string>
				<string>ECC91925170CB19200CA4077</string>
				<string>ECC919271710AEDE00CA4077</string>
				<string>ECC919281710AEDE00CA4077</string>
				<string>EC869B94171BEACD00DA8AE4</string>
				<string>EC869B95171BEACD00DA8AE4</string>
				<string>ECB42D7E1715ED90000C8037</string>
				<string>ECB42D7F1715ED90000C8037</string>
			</array>
			<key>isa</key>
			<string>PBXGroup</string>
			<key>name</key>
			<string>Embrodiery</string>
			<key>sourceTree</key>
			<string>&lt;group&gt;</string>
		</dict>
		<key>ECBD953717381F3300C984E1</key>
		<dict>
			<key>fileEncoding</key>
			<string>4</string>
			<key>isa</key>
			<string>PBXFileReference</string>
			<key>lastKnownFileType</key>
			<string>sourcecode.c.h</string>
			<key>path</key>
			<string>CSGDesignParserTest.h</string>
			<key>sourceTree</key>
			<string>&lt;group&gt;</string>
		</dict>
		<key>ECBD953817381F3300C984E1</key>
		<dict>
			<key>fileEncoding</key>
			<string>4</string>
			<key>isa</key>
			<string>PBXFileReference</string>
			<key>lastKnownFileType</key>
			<string>sourcecode.c.objc</string>
			<key>path</key>
			<string>CSGDesignParserTest.m</string>
			<key>sourceTree</key>
			<string>&lt;group&gt;</string>
		</dict>
		<key>ECBD953917381F3300C984E1</key>
		<dict>
			<key>fileRef</key>
			<string>ECBD953817381F3300C984E1</string>
			<key>isa</key>
			<string>PBXBuildFile</string>
		</dict>
		<key>ECBD953A1738218100C984E1</key>
		<dict>
			<key>fileEncoding</key>
			<string>4</string>
			<key>isa</key>
			<string>PBXFileReference</string>
			<key>lastKnownFileType</key>
			<string>text.xml</string>
			<key>path</key>
			<string>TestDesign.xml</string>
			<key>sourceTree</key>
			<string>&lt;group&gt;</string>
		</dict>
		<key>ECBD953B1738218100C984E1</key>
		<dict>
			<key>fileRef</key>
			<string>ECBD953A1738218100C984E1</string>
			<key>isa</key>
			<string>PBXBuildFile</string>
		</dict>
		<key>ECC1F19116D2C455005C847B</key>
		<dict>
			<key>fileEncoding</key>
			<string>4</string>
			<key>isa</key>
			<string>PBXFileReference</string>
			<key>lastKnownFileType</key>
			<string>sourcecode.c.h</string>
			<key>path</key>
			<string>ArtWorkMaterials.h</string>
			<key>sourceTree</key>
			<string>&lt;group&gt;</string>
		</dict>
		<key>ECC1F19216D2C455005C847B</key>
		<dict>
			<key>fileEncoding</key>
			<string>4</string>
			<key>isa</key>
			<string>PBXFileReference</string>
			<key>lastKnownFileType</key>
			<string>sourcecode.c.objc</string>
			<key>path</key>
			<string>ArtWorkMaterials.m</string>
			<key>sourceTree</key>
			<string>&lt;group&gt;</string>
		</dict>
		<key>ECC1F19316D2C455005C847B</key>
		<dict>
			<key>fileRef</key>
			<string>ECC1F19216D2C455005C847B</string>
			<key>isa</key>
			<string>PBXBuildFile</string>
		</dict>
		<key>ECC2327F16D1372100105066</key>
		<dict>
			<key>children</key>
			<array>
				<string>ECDB44891734887300224FA7</string>
				<string>ECC2329116D1372100105066</string>
				<string>ECC232B816D1372100105066</string>
				<string>ECC2328A16D1372100105066</string>
				<string>ECC2328916D1372100105066</string>
				<string>698399400D1B4FC19A551453</string>
				<string>97D7D3C73AF6470384A63620</string>
				<string>F36C989C97DE4AC2B1751371</string>
			</array>
			<key>isa</key>
			<string>PBXGroup</string>
			<key>sourceTree</key>
			<string>&lt;group&gt;</string>
		</dict>
		<key>ECC2328016D1372100105066</key>
		<dict>
			<key>attributes</key>
			<dict>
				<key>LastUpgradeCheck</key>
				<string>0460</string>
				<key>ORGANIZATIONNAME</key>
				<string>Tarasov Evgeny</string>
			</dict>
			<key>buildConfigurationList</key>
			<string>ECC2328316D1372100105066</string>
			<key>compatibilityVersion</key>
			<string>Xcode 3.2</string>
			<key>developmentRegion</key>
			<string>English</string>
			<key>hasScannedForEncodings</key>
			<string>0</string>
			<key>isa</key>
			<string>PBXProject</string>
			<key>knownRegions</key>
			<array>
				<string>en</string>
			</array>
			<key>mainGroup</key>
			<string>ECC2327F16D1372100105066</string>
			<key>productRefGroup</key>
			<string>ECC2328916D1372100105066</string>
			<key>projectDirPath</key>
			<string></string>
			<key>projectReferences</key>
			<array/>
			<key>projectRoot</key>
			<string></string>
			<key>targets</key>
			<array>
				<string>ECC2328716D1372100105066</string>
				<string>ECC232B016D1372100105066</string>
			</array>
		</dict>
		<key>ECC2328316D1372100105066</key>
		<dict>
			<key>buildConfigurations</key>
			<array>
				<string>ECC232C116D1372100105066</string>
				<string>ECC232C216D1372100105066</string>
			</array>
			<key>defaultConfigurationIsVisible</key>
			<string>0</string>
			<key>defaultConfigurationName</key>
			<string>Release</string>
			<key>isa</key>
			<string>XCConfigurationList</string>
		</dict>
		<key>ECC2328416D1372100105066</key>
		<dict>
			<key>buildActionMask</key>
			<string>2147483647</string>
			<key>files</key>
			<array>
				<string>ECC2329816D1372100105066</string>
				<string>ECC2329C16D1372100105066</string>
				<string>ECC232AB16D1372100105066</string>
				<string>ECC1F19316D2C455005C847B</string>
				<string>ECCB3BA616D50348002C4033</string>
				<string>EC0F6BC216DCC6E9007FF7CF</string>
				<string>ECCFD9F216F0F903004FE762</string>
				<string>ECE7670F16F3297D00D5A67A</string>
				<string>ECE7671216F332F100D5A67A</string>
				<string>ECE7671A16F3B85F00D5A67A</string>
				<string>ECC91923170CAF3000CA4077</string>
				<string>ECC91926170CB19300CA4077</string>
				<string>ECC919291710AEDE00CA4077</string>
				<string>ECB42D7D1715ECF1000C8037</string>
				<string>ECB42D801715ED90000C8037</string>
				<string>EC869B93171BE7F000DA8AE4</string>
				<string>EC869B96171BEACD00DA8AE4</string>
				<string>ECDE8A4A171EE73D00EE1B6F</string>
				<string>ECC584B7172D3E1500732EC1</string>
				<string>ECC584BA172D3E9700732EC1</string>
				<string>ECC584BD172D490100732EC1</string>
				<string>ECDB44881734872200224FA7</string>
				<string>EC4AC3981743F3B600E5D224</string>
				<string>EC4AC39B17441E8900E5D224</string>
			</array>
			<key>isa</key>
			<string>PBXSourcesBuildPhase</string>
			<key>runOnlyForDeploymentPostprocessing</key>
			<string>0</string>
		</dict>
		<key>ECC2328516D1372100105066</key>
		<dict>
			<key>buildActionMask</key>
			<string>2147483647</string>
			<key>files</key>
			<array>
				<string>ECDB448C17348B3100224FA7</string>
				<string>ECC2328C16D1372100105066</string>
				<string>ECC2328E16D1372100105066</string>
				<string>ECC2329016D1372100105066</string>
				<string>022BC06827F548678D6307DA</string>
			</array>
			<key>isa</key>
			<string>PBXFrameworksBuildPhase</string>
			<key>runOnlyForDeploymentPostprocessing</key>
			<string>0</string>
		</dict>
		<key>ECC2328616D1372100105066</key>
		<dict>
			<key>buildActionMask</key>
			<string>2147483647</string>
			<key>files</key>
			<array>
				<string>ECC2329616D1372100105066</string>
				<string>ECC2329E16D1372100105066</string>
				<string>ECC232A016D1372100105066</string>
				<string>ECC232A216D1372100105066</string>
				<string>ECC232A516D1372100105066</string>
				<string>ECC232A816D1372100105066</string>
			</array>
			<key>isa</key>
			<string>PBXResourcesBuildPhase</string>
			<key>runOnlyForDeploymentPostprocessing</key>
			<string>0</string>
		</dict>
		<key>ECC2328716D1372100105066</key>
		<dict>
			<key>buildConfigurationList</key>
			<string>ECC232C316D1372100105066</string>
			<key>buildPhases</key>
			<array>
				<string>7A9CC5B7621E4E90853571F1</string>
				<string>2AED7C91098D4E78BC0FEAE0</string>
				<string>8C1771FF84494C568F43E0E0</string>
				<string>ECC2328416D1372100105066</string>
				<string>ECC2328516D1372100105066</string>
				<string>ECC2328616D1372100105066</string>
				<string>C82D7FC70D32479481186D7A</string>
				<string>A7754451484C4ADC86143521</string>
				<string>8D7FCD18CD2648B88A5F2961</string>
			</array>
			<key>buildRules</key>
			<array/>
			<key>dependencies</key>
			<array/>
			<key>isa</key>
			<string>PBXNativeTarget</string>
			<key>name</key>
			<string>Cross Stitch Library</string>
			<key>productName</key>
			<string>Cross Stitch Library</string>
			<key>productReference</key>
			<string>ECC2328816D1372100105066</string>
			<key>productType</key>
			<string>com.apple.product-type.application</string>
		</dict>
		<key>ECC2328816D1372100105066</key>
		<dict>
			<key>explicitFileType</key>
			<string>wrapper.application</string>
			<key>includeInIndex</key>
			<string>0</string>
			<key>isa</key>
			<string>PBXFileReference</string>
			<key>path</key>
			<string>Cross Stitch Library.app</string>
			<key>sourceTree</key>
			<string>BUILT_PRODUCTS_DIR</string>
		</dict>
		<key>ECC2328916D1372100105066</key>
		<dict>
			<key>children</key>
			<array>
				<string>ECC2328816D1372100105066</string>
				<string>ECC232B116D1372100105066</string>
			</array>
			<key>isa</key>
			<string>PBXGroup</string>
			<key>name</key>
			<string>Products</string>
			<key>sourceTree</key>
			<string>&lt;group&gt;</string>
		</dict>
		<key>ECC2328A16D1372100105066</key>
		<dict>
			<key>children</key>
			<array>
				<string>ECC2328B16D1372100105066</string>
				<string>ECC2328D16D1372100105066</string>
				<string>ECC2328F16D1372100105066</string>
				<string>ECC232B216D1372100105066</string>
				<string>96DB9671C08242DFB24BEA16</string>
				<string>CC3B4A525A12496B87DAB1CF</string>
				<string>446B09DFE9C7430CA17D098C</string>
			</array>
			<key>isa</key>
			<string>PBXGroup</string>
			<key>name</key>
			<string>Frameworks</string>
			<key>sourceTree</key>
			<string>&lt;group&gt;</string>
		</dict>
		<key>ECC2328B16D1372100105066</key>
		<dict>
			<key>isa</key>
			<string>PBXFileReference</string>
			<key>lastKnownFileType</key>
			<string>wrapper.framework</string>
			<key>name</key>
			<string>UIKit.framework</string>
			<key>path</key>
			<string>System/Library/Frameworks/UIKit.framework</string>
			<key>sourceTree</key>
			<string>SDKROOT</string>
		</dict>
		<key>ECC2328C16D1372100105066</key>
		<dict>
			<key>fileRef</key>
			<string>ECC2328B16D1372100105066</string>
			<key>isa</key>
			<string>PBXBuildFile</string>
		</dict>
		<key>ECC2328D16D1372100105066</key>
		<dict>
			<key>isa</key>
			<string>PBXFileReference</string>
			<key>lastKnownFileType</key>
			<string>wrapper.framework</string>
			<key>name</key>
			<string>Foundation.framework</string>
			<key>path</key>
			<string>System/Library/Frameworks/Foundation.framework</string>
			<key>sourceTree</key>
			<string>SDKROOT</string>
		</dict>
		<key>ECC2328E16D1372100105066</key>
		<dict>
			<key>fileRef</key>
			<string>ECC2328D16D1372100105066</string>
			<key>isa</key>
			<string>PBXBuildFile</string>
		</dict>
		<key>ECC2328F16D1372100105066</key>
		<dict>
			<key>isa</key>
			<string>PBXFileReference</string>
			<key>lastKnownFileType</key>
			<string>wrapper.framework</string>
			<key>name</key>
			<string>CoreGraphics.framework</string>
			<key>path</key>
			<string>System/Library/Frameworks/CoreGraphics.framework</string>
			<key>sourceTree</key>
			<string>SDKROOT</string>
		</dict>
		<key>ECC2329016D1372100105066</key>
		<dict>
			<key>fileRef</key>
			<string>ECC2328F16D1372100105066</string>
			<key>isa</key>
			<string>PBXBuildFile</string>
		</dict>
		<key>ECC2329116D1372100105066</key>
		<dict>
			<key>children</key>
			<array>
				<string>ECCFD9EF16F09A6A004FE762</string>
				<string>ECC232C916D1520300105066</string>
				<string>ECC2329A16D1372100105066</string>
				<string>ECC2329B16D1372100105066</string>
				<string>ECC232A316D1372100105066</string>
				<string>ECC232A616D1372100105066</string>
				<string>ECC232A916D1372100105066</string>
				<string>ECC232AA16D1372100105066</string>
				<string>ECC2329216D1372100105066</string>
			</array>
			<key>isa</key>
			<string>PBXGroup</string>
			<key>path</key>
			<string>Cross Stitch Library</string>
			<key>sourceTree</key>
			<string>&lt;group&gt;</string>
		</dict>
		<key>ECC2329216D1372100105066</key>
		<dict>
			<key>children</key>
			<array>
				<string>ECC2329316D1372100105066</string>
				<string>ECC2329416D1372100105066</string>
				<string>ECC2329716D1372100105066</string>
				<string>ECC2329916D1372100105066</string>
				<string>ECC2329D16D1372100105066</string>
				<string>ECC2329F16D1372100105066</string>
				<string>ECC232A116D1372100105066</string>
			</array>
			<key>isa</key>
			<string>PBXGroup</string>
			<key>name</key>
			<string>Supporting Files</string>
			<key>sourceTree</key>
			<string>&lt;group&gt;</string>
		</dict>
		<key>ECC2329316D1372100105066</key>
		<dict>
			<key>isa</key>
			<string>PBXFileReference</string>
			<key>lastKnownFileType</key>
			<string>text.plist.xml</string>
			<key>path</key>
			<string>Cross Stitch Library-Info.plist</string>
			<key>sourceTree</key>
			<string>&lt;group&gt;</string>
		</dict>
		<key>ECC2329416D1372100105066</key>
		<dict>
			<key>children</key>
			<array>
				<string>ECC2329516D1372100105066</string>
			</array>
			<key>isa</key>
			<string>PBXVariantGroup</string>
			<key>name</key>
			<string>InfoPlist.strings</string>
			<key>sourceTree</key>
			<string>&lt;group&gt;</string>
		</dict>
		<key>ECC2329516D1372100105066</key>
		<dict>
			<key>isa</key>
			<string>PBXFileReference</string>
			<key>lastKnownFileType</key>
			<string>text.plist.strings</string>
			<key>name</key>
			<string>en</string>
			<key>path</key>
			<string>en.lproj/InfoPlist.strings</string>
			<key>sourceTree</key>
			<string>&lt;group&gt;</string>
		</dict>
		<key>ECC2329616D1372100105066</key>
		<dict>
			<key>fileRef</key>
			<string>ECC2329416D1372100105066</string>
			<key>isa</key>
			<string>PBXBuildFile</string>
		</dict>
		<key>ECC2329716D1372100105066</key>
		<dict>
			<key>isa</key>
			<string>PBXFileReference</string>
			<key>lastKnownFileType</key>
			<string>sourcecode.c.objc</string>
			<key>path</key>
			<string>main.m</string>
			<key>sourceTree</key>
			<string>&lt;group&gt;</string>
		</dict>
		<key>ECC2329816D1372100105066</key>
		<dict>
			<key>fileRef</key>
			<string>ECC2329716D1372100105066</string>
			<key>isa</key>
			<string>PBXBuildFile</string>
		</dict>
		<key>ECC2329916D1372100105066</key>
		<dict>
			<key>isa</key>
			<string>PBXFileReference</string>
			<key>lastKnownFileType</key>
			<string>sourcecode.c.h</string>
			<key>path</key>
			<string>Cross Stitch Library-Prefix.pch</string>
			<key>sourceTree</key>
			<string>&lt;group&gt;</string>
		</dict>
		<key>ECC2329A16D1372100105066</key>
		<dict>
			<key>isa</key>
			<string>PBXFileReference</string>
			<key>lastKnownFileType</key>
			<string>sourcecode.c.h</string>
			<key>path</key>
			<string>AppDelegate.h</string>
			<key>sourceTree</key>
			<string>&lt;group&gt;</string>
		</dict>
		<key>ECC2329B16D1372100105066</key>
		<dict>
			<key>isa</key>
			<string>PBXFileReference</string>
			<key>lastKnownFileType</key>
			<string>sourcecode.c.objc</string>
			<key>path</key>
			<string>AppDelegate.m</string>
			<key>sourceTree</key>
			<string>&lt;group&gt;</string>
		</dict>
		<key>ECC2329C16D1372100105066</key>
		<dict>
			<key>fileRef</key>
			<string>ECC2329B16D1372100105066</string>
			<key>isa</key>
			<string>PBXBuildFile</string>
		</dict>
		<key>ECC2329D16D1372100105066</key>
		<dict>
			<key>isa</key>
			<string>PBXFileReference</string>
			<key>lastKnownFileType</key>
			<string>image.png</string>
			<key>path</key>
			<string>Default.png</string>
			<key>sourceTree</key>
			<string>&lt;group&gt;</string>
		</dict>
		<key>ECC2329E16D1372100105066</key>
		<dict>
			<key>fileRef</key>
			<string>ECC2329D16D1372100105066</string>
			<key>isa</key>
			<string>PBXBuildFile</string>
		</dict>
		<key>ECC2329F16D1372100105066</key>
		<dict>
			<key>isa</key>
			<string>PBXFileReference</string>
			<key>lastKnownFileType</key>
			<string>image.png</string>
			<key>path</key>
			<string>Default@2x.png</string>
			<key>sourceTree</key>
			<string>&lt;group&gt;</string>
		</dict>
		<key>ECC232A016D1372100105066</key>
		<dict>
			<key>fileRef</key>
			<string>ECC2329F16D1372100105066</string>
			<key>isa</key>
			<string>PBXBuildFile</string>
		</dict>
		<key>ECC232A116D1372100105066</key>
		<dict>
			<key>isa</key>
			<string>PBXFileReference</string>
			<key>lastKnownFileType</key>
			<string>image.png</string>
			<key>path</key>
			<string>Default-568h@2x.png</string>
			<key>sourceTree</key>
			<string>&lt;group&gt;</string>
		</dict>
		<key>ECC232A216D1372100105066</key>
		<dict>
			<key>fileRef</key>
			<string>ECC232A116D1372100105066</string>
			<key>isa</key>
			<string>PBXBuildFile</string>
		</dict>
		<key>ECC232A316D1372100105066</key>
		<dict>
			<key>children</key>
			<array>
				<string>ECC232A416D1372100105066</string>
			</array>
			<key>isa</key>
			<string>PBXVariantGroup</string>
			<key>name</key>
			<string>MainStoryboard_iPhone.storyboard</string>
			<key>sourceTree</key>
			<string>&lt;group&gt;</string>
		</dict>
		<key>ECC232A416D1372100105066</key>
		<dict>
			<key>isa</key>
			<string>PBXFileReference</string>
			<key>lastKnownFileType</key>
			<string>file.storyboard</string>
			<key>name</key>
			<string>en</string>
			<key>path</key>
			<string>en.lproj/MainStoryboard_iPhone.storyboard</string>
			<key>sourceTree</key>
			<string>&lt;group&gt;</string>
		</dict>
		<key>ECC232A516D1372100105066</key>
		<dict>
			<key>fileRef</key>
			<string>ECC232A316D1372100105066</string>
			<key>isa</key>
			<string>PBXBuildFile</string>
		</dict>
		<key>ECC232A616D1372100105066</key>
		<dict>
			<key>children</key>
			<array>
				<string>ECC232A716D1372100105066</string>
			</array>
			<key>isa</key>
			<string>PBXVariantGroup</string>
			<key>name</key>
			<string>MainStoryboard_iPad.storyboard</string>
			<key>sourceTree</key>
			<string>&lt;group&gt;</string>
		</dict>
		<key>ECC232A716D1372100105066</key>
		<dict>
			<key>isa</key>
			<string>PBXFileReference</string>
			<key>lastKnownFileType</key>
			<string>file.storyboard</string>
			<key>name</key>
			<string>en</string>
			<key>path</key>
			<string>en.lproj/MainStoryboard_iPad.storyboard</string>
			<key>sourceTree</key>
			<string>&lt;group&gt;</string>
		</dict>
		<key>ECC232A816D1372100105066</key>
		<dict>
			<key>fileRef</key>
			<string>ECC232A616D1372100105066</string>
			<key>isa</key>
			<string>PBXBuildFile</string>
		</dict>
		<key>ECC232A916D1372100105066</key>
		<dict>
			<key>isa</key>
			<string>PBXFileReference</string>
			<key>lastKnownFileType</key>
			<string>sourcecode.c.h</string>
			<key>path</key>
			<string>ViewController.h</string>
			<key>sourceTree</key>
			<string>&lt;group&gt;</string>
		</dict>
		<key>ECC232AA16D1372100105066</key>
		<dict>
			<key>isa</key>
			<string>PBXFileReference</string>
			<key>lastKnownFileType</key>
			<string>sourcecode.c.objc</string>
			<key>path</key>
			<string>ViewController.m</string>
			<key>sourceTree</key>
			<string>&lt;group&gt;</string>
		</dict>
		<key>ECC232AB16D1372100105066</key>
		<dict>
			<key>fileRef</key>
			<string>ECC232AA16D1372100105066</string>
			<key>isa</key>
			<string>PBXBuildFile</string>
		</dict>
		<key>ECC232AC16D1372100105066</key>
		<dict>
			<key>buildActionMask</key>
			<string>2147483647</string>
			<key>files</key>
			<array>
				<string>ECC232C016D1372100105066</string>
				<string>ECBD953917381F3300C984E1</string>
			</array>
			<key>isa</key>
			<string>PBXSourcesBuildPhase</string>
			<key>runOnlyForDeploymentPostprocessing</key>
			<string>0</string>
		</dict>
		<key>ECC232AD16D1372100105066</key>
		<dict>
			<key>buildActionMask</key>
			<string>2147483647</string>
			<key>files</key>
			<array>
				<string>ECC232B316D1372100105066</string>
				<string>ECC232B416D1372100105066</string>
				<string>ECC232B516D1372100105066</string>
			</array>
			<key>isa</key>
			<string>PBXFrameworksBuildPhase</string>
			<key>runOnlyForDeploymentPostprocessing</key>
			<string>0</string>
		</dict>
		<key>ECC232AE16D1372100105066</key>
		<dict>
			<key>buildActionMask</key>
			<string>2147483647</string>
			<key>files</key>
			<array>
				<string>ECC232BD16D1372100105066</string>
				<string>ECBD953B1738218100C984E1</string>
			</array>
			<key>isa</key>
			<string>PBXResourcesBuildPhase</string>
			<key>runOnlyForDeploymentPostprocessing</key>
			<string>0</string>
		</dict>
		<key>ECC232AF16D1372100105066</key>
		<dict>
			<key>buildActionMask</key>
			<string>2147483647</string>
			<key>files</key>
			<array/>
			<key>inputPaths</key>
			<array/>
			<key>isa</key>
			<string>PBXShellScriptBuildPhase</string>
			<key>outputPaths</key>
			<array/>
			<key>runOnlyForDeploymentPostprocessing</key>
			<string>0</string>
			<key>shellPath</key>
			<string>/bin/sh</string>
			<key>shellScript</key>
			<string># Run the unit tests in this test bundle.
"${SYSTEM_DEVELOPER_DIR}/Tools/RunUnitTests"
</string>
		</dict>
		<key>ECC232B016D1372100105066</key>
		<dict>
			<key>buildConfigurationList</key>
			<string>ECC232C616D1372100105066</string>
			<key>buildPhases</key>
			<array>
				<string>ECC232AC16D1372100105066</string>
				<string>ECC232AD16D1372100105066</string>
				<string>ECC232AE16D1372100105066</string>
				<string>ECC232AF16D1372100105066</string>
			</array>
			<key>buildRules</key>
			<array/>
			<key>dependencies</key>
			<array>
				<string>ECC232B716D1372100105066</string>
			</array>
			<key>isa</key>
			<string>PBXNativeTarget</string>
			<key>name</key>
			<string>Cross Stitch LibraryTests</string>
			<key>productName</key>
			<string>Cross Stitch LibraryTests</string>
			<key>productReference</key>
			<string>ECC232B116D1372100105066</string>
			<key>productType</key>
			<string>com.apple.product-type.bundle</string>
		</dict>
		<key>ECC232B116D1372100105066</key>
		<dict>
			<key>explicitFileType</key>
			<string>wrapper.cfbundle</string>
			<key>includeInIndex</key>
			<string>0</string>
			<key>isa</key>
			<string>PBXFileReference</string>
			<key>path</key>
			<string>Cross Stitch LibraryTests.octest</string>
			<key>sourceTree</key>
			<string>BUILT_PRODUCTS_DIR</string>
		</dict>
		<key>ECC232B216D1372100105066</key>
		<dict>
			<key>isa</key>
			<string>PBXFileReference</string>
			<key>lastKnownFileType</key>
			<string>wrapper.framework</string>
			<key>name</key>
			<string>SenTestingKit.framework</string>
			<key>path</key>
			<string>Library/Frameworks/SenTestingKit.framework</string>
			<key>sourceTree</key>
			<string>DEVELOPER_DIR</string>
		</dict>
		<key>ECC232B316D1372100105066</key>
		<dict>
			<key>fileRef</key>
			<string>ECC232B216D1372100105066</string>
			<key>isa</key>
			<string>PBXBuildFile</string>
		</dict>
		<key>ECC232B416D1372100105066</key>
		<dict>
			<key>fileRef</key>
			<string>ECC2328B16D1372100105066</string>
			<key>isa</key>
			<string>PBXBuildFile</string>
		</dict>
		<key>ECC232B516D1372100105066</key>
		<dict>
			<key>fileRef</key>
			<string>ECC2328D16D1372100105066</string>
			<key>isa</key>
			<string>PBXBuildFile</string>
		</dict>
		<key>ECC232B616D1372100105066</key>
		<dict>
			<key>containerPortal</key>
			<string>ECC2328016D1372100105066</string>
			<key>isa</key>
			<string>PBXContainerItemProxy</string>
			<key>proxyType</key>
			<string>1</string>
			<key>remoteGlobalIDString</key>
			<string>ECC2328716D1372100105066</string>
			<key>remoteInfo</key>
			<string>Cross Stitch Library</string>
		</dict>
		<key>ECC232B716D1372100105066</key>
		<dict>
			<key>isa</key>
			<string>PBXTargetDependency</string>
			<key>target</key>
			<string>ECC2328716D1372100105066</string>
			<key>targetProxy</key>
			<string>ECC232B616D1372100105066</string>
		</dict>
		<key>ECC232B816D1372100105066</key>
		<dict>
			<key>children</key>
			<array>
				<string>ECBD953717381F3300C984E1</string>
				<string>ECBD953817381F3300C984E1</string>
				<string>ECC232BE16D1372100105066</string>
				<string>ECC232BF16D1372100105066</string>
				<string>ECC232B916D1372100105066</string>
			</array>
			<key>isa</key>
			<string>PBXGroup</string>
			<key>path</key>
			<string>Cross Stitch LibraryTests</string>
			<key>sourceTree</key>
			<string>&lt;group&gt;</string>
		</dict>
		<key>ECC232B916D1372100105066</key>
		<dict>
			<key>children</key>
			<array>
				<string>ECC232BA16D1372100105066</string>
				<string>ECC232BB16D1372100105066</string>
				<string>ECBD953A1738218100C984E1</string>
			</array>
			<key>isa</key>
			<string>PBXGroup</string>
			<key>name</key>
			<string>Supporting Files</string>
			<key>sourceTree</key>
			<string>&lt;group&gt;</string>
		</dict>
		<key>ECC232BA16D1372100105066</key>
		<dict>
			<key>isa</key>
			<string>PBXFileReference</string>
			<key>lastKnownFileType</key>
			<string>text.plist.xml</string>
			<key>path</key>
			<string>Cross Stitch LibraryTests-Info.plist</string>
			<key>sourceTree</key>
			<string>&lt;group&gt;</string>
		</dict>
		<key>ECC232BB16D1372100105066</key>
		<dict>
			<key>children</key>
			<array>
				<string>ECC232BC16D1372100105066</string>
			</array>
			<key>isa</key>
			<string>PBXVariantGroup</string>
			<key>name</key>
			<string>InfoPlist.strings</string>
			<key>sourceTree</key>
			<string>&lt;group&gt;</string>
		</dict>
		<key>ECC232BC16D1372100105066</key>
		<dict>
			<key>isa</key>
			<string>PBXFileReference</string>
			<key>lastKnownFileType</key>
			<string>text.plist.strings</string>
			<key>name</key>
			<string>en</string>
			<key>path</key>
			<string>en.lproj/InfoPlist.strings</string>
			<key>sourceTree</key>
			<string>&lt;group&gt;</string>
		</dict>
		<key>ECC232BD16D1372100105066</key>
		<dict>
			<key>fileRef</key>
			<string>ECC232BB16D1372100105066</string>
			<key>isa</key>
			<string>PBXBuildFile</string>
		</dict>
		<key>ECC232BE16D1372100105066</key>
		<dict>
			<key>isa</key>
			<string>PBXFileReference</string>
			<key>lastKnownFileType</key>
			<string>sourcecode.c.h</string>
			<key>path</key>
			<string>CSGSerializationTests.h</string>
			<key>sourceTree</key>
			<string>&lt;group&gt;</string>
		</dict>
		<key>ECC232BF16D1372100105066</key>
		<dict>
			<key>isa</key>
			<string>PBXFileReference</string>
			<key>lastKnownFileType</key>
			<string>sourcecode.c.objc</string>
			<key>path</key>
			<string>CSGSerializationTests.m</string>
			<key>sourceTree</key>
			<string>&lt;group&gt;</string>
		</dict>
		<key>ECC232C016D1372100105066</key>
		<dict>
			<key>fileRef</key>
			<string>ECC232BF16D1372100105066</string>
			<key>isa</key>
			<string>PBXBuildFile</string>
		</dict>
		<key>ECC232C116D1372100105066</key>
		<dict>
			<key>buildSettings</key>
			<dict>
				<key>ALWAYS_SEARCH_USER_PATHS</key>
				<string>NO</string>
				<key>CLANG_CXX_LANGUAGE_STANDARD</key>
				<string>gnu++0x</string>
				<key>CLANG_CXX_LIBRARY</key>
				<string>libc++</string>
				<key>CLANG_ENABLE_OBJC_ARC</key>
				<string>YES</string>
				<key>CLANG_WARN_CONSTANT_CONVERSION</key>
				<string>YES</string>
				<key>CLANG_WARN_EMPTY_BODY</key>
				<string>YES</string>
				<key>CLANG_WARN_ENUM_CONVERSION</key>
				<string>YES</string>
				<key>CLANG_WARN_INT_CONVERSION</key>
				<string>YES</string>
				<key>CLANG_WARN__DUPLICATE_METHOD_MATCH</key>
				<string>YES</string>
				<key>CODE_SIGN_IDENTITY[sdk=iphoneos*]</key>
				<string>iPhone Developer</string>
				<key>COPY_PHASE_STRIP</key>
				<string>NO</string>
				<key>GCC_C_LANGUAGE_STANDARD</key>
				<string>gnu99</string>
				<key>GCC_DYNAMIC_NO_PIC</key>
				<string>NO</string>
				<key>GCC_OPTIMIZATION_LEVEL</key>
				<string>0</string>
				<key>GCC_PREPROCESSOR_DEFINITIONS</key>
				<array>
					<string>DEBUG=1</string>
					<string>$(inherited)</string>
				</array>
				<key>GCC_SYMBOLS_PRIVATE_EXTERN</key>
				<string>NO</string>
				<key>GCC_WARN_ABOUT_RETURN_TYPE</key>
				<string>YES</string>
				<key>GCC_WARN_UNINITIALIZED_AUTOS</key>
				<string>YES</string>
				<key>GCC_WARN_UNUSED_VARIABLE</key>
				<string>YES</string>
				<key>IPHONEOS_DEPLOYMENT_TARGET</key>
				<string>6.1</string>
				<key>ONLY_ACTIVE_ARCH</key>
				<string>YES</string>
				<key>SDKROOT</key>
				<string>iphoneos</string>
				<key>TARGETED_DEVICE_FAMILY</key>
				<string>1,2</string>
			</dict>
			<key>isa</key>
			<string>XCBuildConfiguration</string>
			<key>name</key>
			<string>Debug</string>
		</dict>
		<key>ECC232C216D1372100105066</key>
		<dict>
			<key>buildSettings</key>
			<dict>
				<key>ALWAYS_SEARCH_USER_PATHS</key>
				<string>NO</string>
				<key>CLANG_CXX_LANGUAGE_STANDARD</key>
				<string>gnu++0x</string>
				<key>CLANG_CXX_LIBRARY</key>
				<string>libc++</string>
				<key>CLANG_ENABLE_OBJC_ARC</key>
				<string>YES</string>
				<key>CLANG_WARN_CONSTANT_CONVERSION</key>
				<string>YES</string>
				<key>CLANG_WARN_EMPTY_BODY</key>
				<string>YES</string>
				<key>CLANG_WARN_ENUM_CONVERSION</key>
				<string>YES</string>
				<key>CLANG_WARN_INT_CONVERSION</key>
				<string>YES</string>
				<key>CLANG_WARN__DUPLICATE_METHOD_MATCH</key>
				<string>YES</string>
				<key>CODE_SIGN_IDENTITY[sdk=iphoneos*]</key>
				<string>iPhone Developer</string>
				<key>COPY_PHASE_STRIP</key>
				<string>YES</string>
				<key>GCC_C_LANGUAGE_STANDARD</key>
				<string>gnu99</string>
				<key>GCC_WARN_ABOUT_RETURN_TYPE</key>
				<string>YES</string>
				<key>GCC_WARN_UNINITIALIZED_AUTOS</key>
				<string>YES</string>
				<key>GCC_WARN_UNUSED_VARIABLE</key>
				<string>YES</string>
				<key>IPHONEOS_DEPLOYMENT_TARGET</key>
				<string>6.1</string>
				<key>OTHER_CFLAGS</key>
				<string>-DNS_BLOCK_ASSERTIONS=1</string>
				<key>SDKROOT</key>
				<string>iphoneos</string>
				<key>TARGETED_DEVICE_FAMILY</key>
				<string>1,2</string>
				<key>VALIDATE_PRODUCT</key>
				<string>YES</string>
			</dict>
			<key>isa</key>
			<string>XCBuildConfiguration</string>
			<key>name</key>
			<string>Release</string>
		</dict>
		<key>ECC232C316D1372100105066</key>
		<dict>
			<key>buildConfigurations</key>
			<array>
				<string>ECC232C416D1372100105066</string>
				<string>ECC232C516D1372100105066</string>
			</array>
			<key>defaultConfigurationIsVisible</key>
			<string>0</string>
			<key>defaultConfigurationName</key>
			<string>Release</string>
			<key>isa</key>
			<string>XCConfigurationList</string>
		</dict>
		<key>ECC232C416D1372100105066</key>
		<dict>
			<key>baseConfigurationReference</key>
			<string>F36C989C97DE4AC2B1751371</string>
			<key>buildSettings</key>
			<dict>
				<key>GCC_PRECOMPILE_PREFIX_HEADER</key>
				<string>YES</string>
				<key>GCC_PREFIX_HEADER</key>
				<string>Cross Stitch Library/Cross Stitch Library-Prefix.pch</string>
				<key>INFOPLIST_FILE</key>
				<string>Cross Stitch Library/Cross Stitch Library-Info.plist</string>
				<key>PRODUCT_NAME</key>
				<string>$(TARGET_NAME)</string>
				<key>WRAPPER_EXTENSION</key>
				<string>app</string>
			</dict>
			<key>isa</key>
			<string>XCBuildConfiguration</string>
			<key>name</key>
			<string>Debug</string>
		</dict>
		<key>ECC232C516D1372100105066</key>
		<dict>
			<key>baseConfigurationReference</key>
			<string>F36C989C97DE4AC2B1751371</string>
			<key>buildSettings</key>
			<dict>
				<key>GCC_PRECOMPILE_PREFIX_HEADER</key>
				<string>YES</string>
				<key>GCC_PREFIX_HEADER</key>
				<string>Cross Stitch Library/Cross Stitch Library-Prefix.pch</string>
				<key>INFOPLIST_FILE</key>
				<string>Cross Stitch Library/Cross Stitch Library-Info.plist</string>
				<key>PRODUCT_NAME</key>
				<string>$(TARGET_NAME)</string>
				<key>WRAPPER_EXTENSION</key>
				<string>app</string>
			</dict>
			<key>isa</key>
			<string>XCBuildConfiguration</string>
			<key>name</key>
			<string>Release</string>
		</dict>
		<key>ECC232C616D1372100105066</key>
		<dict>
			<key>buildConfigurations</key>
			<array>
				<string>ECC232C716D1372100105066</string>
				<string>ECC232C816D1372100105066</string>
			</array>
			<key>defaultConfigurationIsVisible</key>
			<string>0</string>
			<key>defaultConfigurationName</key>
			<string>Release</string>
			<key>isa</key>
			<string>XCConfigurationList</string>
		</dict>
		<key>ECC232C716D1372100105066</key>
		<dict>
			<key>buildSettings</key>
			<dict>
				<key>BUNDLE_LOADER</key>
				<string>$(BUILT_PRODUCTS_DIR)/Cross Stitch Library.app/Cross Stitch Library</string>
				<key>FRAMEWORK_SEARCH_PATHS</key>
				<array>
					<string>"$(SDKROOT)/Developer/Library/Frameworks"</string>
					<string>"$(DEVELOPER_LIBRARY_DIR)/Frameworks"</string>
				</array>
				<key>GCC_PRECOMPILE_PREFIX_HEADER</key>
				<string>YES</string>
				<key>GCC_PREFIX_HEADER</key>
				<string>Cross Stitch Library/Cross Stitch Library-Prefix.pch</string>
				<key>INFOPLIST_FILE</key>
				<string>Cross Stitch LibraryTests/Cross Stitch LibraryTests-Info.plist</string>
				<key>PRODUCT_NAME</key>
				<string>$(TARGET_NAME)</string>
				<key>TEST_HOST</key>
				<string>$(BUNDLE_LOADER)</string>
				<key>WRAPPER_EXTENSION</key>
				<string>octest</string>
			</dict>
			<key>isa</key>
			<string>XCBuildConfiguration</string>
			<key>name</key>
			<string>Debug</string>
		</dict>
		<key>ECC232C816D1372100105066</key>
		<dict>
			<key>buildSettings</key>
			<dict>
				<key>BUNDLE_LOADER</key>
				<string>$(BUILT_PRODUCTS_DIR)/Cross Stitch Library.app/Cross Stitch Library</string>
				<key>FRAMEWORK_SEARCH_PATHS</key>
				<array>
					<string>"$(SDKROOT)/Developer/Library/Frameworks"</string>
					<string>"$(DEVELOPER_LIBRARY_DIR)/Frameworks"</string>
				</array>
				<key>GCC_PRECOMPILE_PREFIX_HEADER</key>
				<string>YES</string>
				<key>GCC_PREFIX_HEADER</key>
				<string>Cross Stitch Library/Cross Stitch Library-Prefix.pch</string>
				<key>INFOPLIST_FILE</key>
				<string>Cross Stitch LibraryTests/Cross Stitch LibraryTests-Info.plist</string>
				<key>PRODUCT_NAME</key>
				<string>$(TARGET_NAME)</string>
				<key>TEST_HOST</key>
				<string>$(BUNDLE_LOADER)</string>
				<key>WRAPPER_EXTENSION</key>
				<string>octest</string>
			</dict>
			<key>isa</key>
			<string>XCBuildConfiguration</string>
			<key>name</key>
			<string>Release</string>
		</dict>
		<key>ECC232C916D1520300105066</key>
		<dict>
			<key>children</key>
			<array>
				<string>ECCB3BA016D4CEF0002C4033</string>
			</array>
			<key>isa</key>
			<string>PBXGroup</string>
			<key>name</key>
			<string>Model</string>
			<key>sourceTree</key>
			<string>&lt;group&gt;</string>
		</dict>
		<key>ECC584B5172D3E1500732EC1</key>
		<dict>
			<key>fileEncoding</key>
			<string>4</string>
			<key>isa</key>
			<string>PBXFileReference</string>
			<key>lastKnownFileType</key>
			<string>sourcecode.c.h</string>
			<key>path</key>
			<string>CSGObjectsRegistry.h</string>
			<key>sourceTree</key>
			<string>&lt;group&gt;</string>
		</dict>
		<key>ECC584B6172D3E1500732EC1</key>
		<dict>
			<key>fileEncoding</key>
			<string>4</string>
			<key>isa</key>
			<string>PBXFileReference</string>
			<key>lastKnownFileType</key>
			<string>sourcecode.c.objc</string>
			<key>path</key>
			<string>CSGObjectsRegistry.m</string>
			<key>sourceTree</key>
			<string>&lt;group&gt;</string>
		</dict>
		<key>ECC584B7172D3E1500732EC1</key>
		<dict>
			<key>fileRef</key>
			<string>ECC584B6172D3E1500732EC1</string>
			<key>isa</key>
			<string>PBXBuildFile</string>
		</dict>
		<key>ECC584B8172D3E9700732EC1</key>
		<dict>
			<key>fileEncoding</key>
			<string>4</string>
			<key>isa</key>
			<string>PBXFileReference</string>
			<key>lastKnownFileType</key>
			<string>sourcecode.c.h</string>
			<key>path</key>
			<string>CSGCodec.h</string>
			<key>sourceTree</key>
			<string>&lt;group&gt;</string>
		</dict>
		<key>ECC584B9172D3E9700732EC1</key>
		<dict>
			<key>fileEncoding</key>
			<string>4</string>
			<key>isa</key>
			<string>PBXFileReference</string>
			<key>lastKnownFileType</key>
			<string>sourcecode.c.objc</string>
			<key>path</key>
			<string>CSGCodec.m</string>
			<key>sourceTree</key>
			<string>&lt;group&gt;</string>
		</dict>
		<key>ECC584BA172D3E9700732EC1</key>
		<dict>
			<key>fileRef</key>
			<string>ECC584B9172D3E9700732EC1</string>
			<key>isa</key>
			<string>PBXBuildFile</string>
		</dict>
		<key>ECC584BB172D490000732EC1</key>
		<dict>
			<key>fileEncoding</key>
			<string>4</string>
			<key>isa</key>
			<string>PBXFileReference</string>
			<key>lastKnownFileType</key>
			<string>sourcecode.c.h</string>
			<key>path</key>
			<string>CSGDecodec.h</string>
			<key>sourceTree</key>
			<string>&lt;group&gt;</string>
		</dict>
		<key>ECC584BC172D490000732EC1</key>
		<dict>
			<key>fileEncoding</key>
			<string>4</string>
			<key>isa</key>
			<string>PBXFileReference</string>
			<key>lastKnownFileType</key>
			<string>sourcecode.c.objc</string>
			<key>path</key>
			<string>CSGDecodec.m</string>
			<key>sourceTree</key>
			<string>&lt;group&gt;</string>
		</dict>
		<key>ECC584BD172D490100732EC1</key>
		<dict>
			<key>fileRef</key>
			<string>ECC584BC172D490000732EC1</string>
			<key>isa</key>
			<string>PBXBuildFile</string>
		</dict>
		<key>ECC91921170CAF2F00CA4077</key>
		<dict>
			<key>fileEncoding</key>
			<string>4</string>
			<key>isa</key>
			<string>PBXFileReference</string>
			<key>lastKnownFileType</key>
			<string>sourcecode.c.h</string>
			<key>path</key>
			<string>CSGDesignPoints.h</string>
			<key>sourceTree</key>
			<string>&lt;group&gt;</string>
		</dict>
		<key>ECC91922170CAF2F00CA4077</key>
		<dict>
			<key>fileEncoding</key>
			<string>4</string>
			<key>isa</key>
			<string>PBXFileReference</string>
			<key>lastKnownFileType</key>
			<string>sourcecode.c.objc</string>
			<key>path</key>
			<string>CSGDesignPoints.m</string>
			<key>sourceTree</key>
			<string>&lt;group&gt;</string>
		</dict>
		<key>ECC91923170CAF3000CA4077</key>
		<dict>
			<key>fileRef</key>
			<string>ECC91922170CAF2F00CA4077</string>
			<key>isa</key>
			<string>PBXBuildFile</string>
		</dict>
		<key>ECC91924170CB19200CA4077</key>
		<dict>
			<key>fileEncoding</key>
			<string>4</string>
			<key>isa</key>
			<string>PBXFileReference</string>
			<key>lastKnownFileType</key>
			<string>sourcecode.c.h</string>
			<key>path</key>
			<string>CSGDesignPoint.h</string>
			<key>sourceTree</key>
			<string>&lt;group&gt;</string>
		</dict>
		<key>ECC91925170CB19200CA4077</key>
		<dict>
			<key>fileEncoding</key>
			<string>4</string>
			<key>isa</key>
			<string>PBXFileReference</string>
			<key>lastKnownFileType</key>
			<string>sourcecode.c.objc</string>
			<key>path</key>
			<string>CSGDesignPoint.m</string>
			<key>sourceTree</key>
			<string>&lt;group&gt;</string>
		</dict>
		<key>ECC91926170CB19300CA4077</key>
		<dict>
			<key>fileRef</key>
			<string>ECC91925170CB19200CA4077</string>
			<key>isa</key>
			<string>PBXBuildFile</string>
		</dict>
		<key>ECC919271710AEDE00CA4077</key>
		<dict>
			<key>fileEncoding</key>
			<string>4</string>
			<key>isa</key>
			<string>PBXFileReference</string>
			<key>lastKnownFileType</key>
			<string>sourcecode.c.h</string>
			<key>path</key>
			<string>CSGBackStitch.h</string>
			<key>sourceTree</key>
			<string>&lt;group&gt;</string>
		</dict>
		<key>ECC919281710AEDE00CA4077</key>
		<dict>
			<key>fileEncoding</key>
			<string>4</string>
			<key>isa</key>
			<string>PBXFileReference</string>
			<key>lastKnownFileType</key>
			<string>sourcecode.c.objc</string>
			<key>path</key>
			<string>CSGBackStitch.m</string>
			<key>sourceTree</key>
			<string>&lt;group&gt;</string>
		</dict>
		<key>ECC919291710AEDE00CA4077</key>
		<dict>
			<key>fileRef</key>
			<string>ECC919281710AEDE00CA4077</string>
			<key>isa</key>
			<string>PBXBuildFile</string>
		</dict>
		<key>ECCB3BA016D4CEF0002C4033</key>
		<dict>
			<key>children</key>
			<array>
				<string>ECDB4485173486DD00224FA7</string>
				<string>ECE7670C16F3295A00D5A67A</string>
				<string>ECB71DE216E7E77A000FC6F4</string>
				<string>EC0F6BC016DCC6E8007FF7CF</string>
				<string>EC0F6BC116DCC6E8007FF7CF</string>
				<string>ECC1F19116D2C455005C847B</string>
				<string>ECC1F19216D2C455005C847B</string>
			</array>
			<key>isa</key>
			<string>PBXGroup</string>
			<key>name</key>
			<string>Ver1.0</string>
			<key>sourceTree</key>
			<string>&lt;group&gt;</string>
		</dict>
		<key>ECCB3BA416D50348002C4033</key>
		<dict>
			<key>fileEncoding</key>
			<string>4</string>
			<key>isa</key>
			<string>PBXFileReference</string>
			<key>lastKnownFileType</key>
			<string>sourcecode.c.h</string>
			<key>path</key>
			<string>CSGThread.h</string>
			<key>sourceTree</key>
			<string>&lt;group&gt;</string>
		</dict>
		<key>ECCB3BA516D50348002C4033</key>
		<dict>
			<key>fileEncoding</key>
			<string>4</string>
			<key>isa</key>
			<string>PBXFileReference</string>
			<key>lastKnownFileType</key>
			<string>sourcecode.c.objc</string>
			<key>path</key>
			<string>CSGThread.m</string>
			<key>sourceTree</key>
			<string>&lt;group&gt;</string>
		</dict>
		<key>ECCB3BA616D50348002C4033</key>
		<dict>
			<key>fileRef</key>
			<string>ECCB3BA516D50348002C4033</string>
			<key>isa</key>
			<string>PBXBuildFile</string>
		</dict>
		<key>ECCFD9EF16F09A6A004FE762</key>
		<dict>
			<key>isa</key>
			<string>PBXFileReference</string>
			<key>lastKnownFileType</key>
			<string>text.xml</string>
			<key>path</key>
			<string>Cross Stitch Library.entitlements</string>
			<key>sourceTree</key>
			<string>&lt;group&gt;</string>
		</dict>
		<key>ECCFD9F016F0F903004FE762</key>
		<dict>
			<key>fileEncoding</key>
			<string>4</string>
			<key>isa</key>
			<string>PBXFileReference</string>
			<key>lastKnownFileType</key>
			<string>sourcecode.c.h</string>
			<key>path</key>
			<string>CSGThreadsBlend.h</string>
			<key>sourceTree</key>
			<string>&lt;group&gt;</string>
		</dict>
		<key>ECCFD9F116F0F903004FE762</key>
		<dict>
			<key>fileEncoding</key>
			<string>4</string>
			<key>isa</key>
			<string>PBXFileReference</string>
			<key>lastKnownFileType</key>
			<string>sourcecode.c.objc</string>
			<key>path</key>
			<string>CSGThreadsBlend.m</string>
			<key>sourceTree</key>
			<string>&lt;group&gt;</string>
		</dict>
		<key>ECCFD9F216F0F903004FE762</key>
		<dict>
			<key>fileRef</key>
			<string>ECCFD9F116F0F903004FE762</string>
			<key>isa</key>
			<string>PBXBuildFile</string>
		</dict>
		<key>ECDB4485173486DD00224FA7</key>
		<dict>
			<key>children</key>
			<array>
				<string>ECDB44861734872200224FA7</string>
				<string>ECDB44871734872200224FA7</string>
				<string>EC4AC3961743F3B600E5D224</string>
				<string>EC4AC3971743F3B600E5D224</string>
				<string>EC4AC39917441E8900E5D224</string>
				<string>EC4AC39A17441E8900E5D224</string>
			</array>
			<key>isa</key>
			<string>PBXGroup</string>
			<key>name</key>
			<string>Parsers</string>
			<key>sourceTree</key>
			<string>&lt;group&gt;</string>
		</dict>
		<key>ECDB44861734872200224FA7</key>
		<dict>
			<key>fileEncoding</key>
			<string>4</string>
			<key>isa</key>
			<string>PBXFileReference</string>
			<key>lastKnownFileType</key>
			<string>sourcecode.c.h</string>
			<key>path</key>
			<string>CSGDesignParser.h</string>
			<key>sourceTree</key>
			<string>&lt;group&gt;</string>
		</dict>
		<key>ECDB44871734872200224FA7</key>
		<dict>
			<key>fileEncoding</key>
			<string>4</string>
			<key>isa</key>
			<string>PBXFileReference</string>
			<key>lastKnownFileType</key>
			<string>sourcecode.c.objc</string>
			<key>path</key>
			<string>CSGDesignParser.m</string>
			<key>sourceTree</key>
			<string>&lt;group&gt;</string>
		</dict>
		<key>ECDB44881734872200224FA7</key>
		<dict>
			<key>fileRef</key>
			<string>ECDB44871734872200224FA7</string>
			<key>isa</key>
			<string>PBXBuildFile</string>
		</dict>
		<key>ECDB44891734887300224FA7</key>
		<dict>
			<key>isa</key>
			<string>PBXFileReference</string>
			<key>lastKnownFileType</key>
			<string>compiled.mach-o.dylib</string>
			<key>name</key>
			<string>libxml2.dylib</string>
			<key>path</key>
			<string>usr/lib/libxml2.dylib</string>
			<key>sourceTree</key>
			<string>SDKROOT</string>
		</dict>
		<key>ECDB448C17348B3100224FA7</key>
		<dict>
			<key>fileRef</key>
			<string>ECDB44891734887300224FA7</string>
			<key>isa</key>
			<string>PBXBuildFile</string>
		</dict>
		<key>ECDE8A48171EE73D00EE1B6F</key>
		<dict>
			<key>fileEncoding</key>
			<string>4</string>
			<key>isa</key>
			<string>PBXFileReference</string>
			<key>lastKnownFileType</key>
			<string>sourcecode.c.h</string>
			<key>path</key>
			<string>CSGMemorySet.h</string>
			<key>sourceTree</key>
			<string>&lt;group&gt;</string>
		</dict>
		<key>ECDE8A49171EE73D00EE1B6F</key>
		<dict>
			<key>fileEncoding</key>
			<string>4</string>
			<key>isa</key>
			<string>PBXFileReference</string>
			<key>lastKnownFileType</key>
			<string>sourcecode.c.objc</string>
			<key>path</key>
			<string>CSGMemorySet.m</string>
			<key>sourceTree</key>
			<string>&lt;group&gt;</string>
		</dict>
		<key>ECDE8A4A171EE73D00EE1B6F</key>
		<dict>
			<key>fileRef</key>
			<string>ECDE8A49171EE73D00EE1B6F</string>
			<key>isa</key>
			<string>PBXBuildFile</string>
		</dict>
		<key>ECE7670C16F3295A00D5A67A</key>
		<dict>
			<key>children</key>
			<array>
				<string>ECC584B8172D3E9700732EC1</string>
				<string>ECC584B9172D3E9700732EC1</string>
				<string>ECC584B5172D3E1500732EC1</string>
				<string>ECC584B6172D3E1500732EC1</string>
				<string>ECE7670D16F3297D00D5A67A</string>
				<string>ECE7670E16F3297D00D5A67A</string>
				<string>ECE7671016F332F100D5A67A</string>
				<string>ECE7671116F332F100D5A67A</string>
				<string>ECE7671316F3347A00D5A67A</string>
				<string>EC869B91171BE7F000DA8AE4</string>
				<string>EC869B92171BE7F000DA8AE4</string>
				<string>ECDE8A48171EE73D00EE1B6F</string>
				<string>ECDE8A49171EE73D00EE1B6F</string>
				<string>ECC584BB172D490000732EC1</string>
				<string>ECC584BC172D490000732EC1</string>
			</array>
			<key>isa</key>
			<string>PBXGroup</string>
			<key>name</key>
			<string>Serialization</string>
			<key>sourceTree</key>
			<string>&lt;group&gt;</string>
		</dict>
		<key>ECE7670D16F3297D00D5A67A</key>
		<dict>
			<key>fileEncoding</key>
			<string>4</string>
			<key>isa</key>
			<string>PBXFileReference</string>
			<key>lastKnownFileType</key>
			<string>sourcecode.c.h</string>
			<key>path</key>
			<string>CSGBinaryEncoder.h</string>
			<key>sourceTree</key>
			<string>&lt;group&gt;</string>
		</dict>
		<key>ECE7670E16F3297D00D5A67A</key>
		<dict>
			<key>fileEncoding</key>
			<string>4</string>
			<key>isa</key>
			<string>PBXFileReference</string>
			<key>lastKnownFileType</key>
			<string>sourcecode.c.objc</string>
			<key>path</key>
			<string>CSGBinaryEncoder.m</string>
			<key>sourceTree</key>
			<string>&lt;group&gt;</string>
		</dict>
		<key>ECE7670F16F3297D00D5A67A</key>
		<dict>
			<key>fileRef</key>
			<string>ECE7670E16F3297D00D5A67A</string>
			<key>isa</key>
			<string>PBXBuildFile</string>
		</dict>
		<key>ECE7671016F332F100D5A67A</key>
		<dict>
			<key>fileEncoding</key>
			<string>4</string>
			<key>isa</key>
			<string>PBXFileReference</string>
			<key>lastKnownFileType</key>
			<string>sourcecode.c.h</string>
			<key>path</key>
			<string>CSGBinaryDecoder.h</string>
			<key>sourceTree</key>
			<string>&lt;group&gt;</string>
		</dict>
		<key>ECE7671116F332F100D5A67A</key>
		<dict>
			<key>fileEncoding</key>
			<string>4</string>
			<key>isa</key>
			<string>PBXFileReference</string>
			<key>lastKnownFileType</key>
			<string>sourcecode.c.objc</string>
			<key>path</key>
			<string>CSGBinaryDecoder.m</string>
			<key>sourceTree</key>
			<string>&lt;group&gt;</string>
		</dict>
		<key>ECE7671216F332F100D5A67A</key>
		<dict>
			<key>fileRef</key>
			<string>ECE7671116F332F100D5A67A</string>
			<key>isa</key>
			<string>PBXBuildFile</string>
		</dict>
		<key>ECE7671316F3347A00D5A67A</key>
		<dict>
			<key>isa</key>
			<string>PBXFileReference</string>
			<key>lastKnownFileType</key>
			<string>sourcecode.c.h</string>
			<key>path</key>
			<string>CSGBinaryCoding.h</string>
			<key>sourceTree</key>
			<string>&lt;group&gt;</string>
		</dict>
		<key>ECE7671816F3B85F00D5A67A</key>
		<dict>
			<key>fileEncoding</key>
			<string>4</string>
			<key>isa</key>
			<string>PBXFileReference</string>
			<key>lastKnownFileType</key>
			<string>sourcecode.c.h</string>
			<key>path</key>
			<string>CSGDesignCell.h</string>
			<key>sourceTree</key>
			<string>&lt;group&gt;</string>
		</dict>
		<key>ECE7671916F3B85F00D5A67A</key>
		<dict>
			<key>fileEncoding</key>
			<string>4</string>
			<key>isa</key>
			<string>PBXFileReference</string>
			<key>lastKnownFileType</key>
			<string>sourcecode.c.objc</string>
			<key>path</key>
			<string>CSGDesignCell.m</string>
			<key>sourceTree</key>
			<string>&lt;group&gt;</string>
		</dict>
		<key>ECE7671A16F3B85F00D5A67A</key>
		<dict>
			<key>fileRef</key>
			<string>ECE7671916F3B85F00D5A67A</string>
			<key>isa</key>
			<string>PBXBuildFile</string>
		</dict>
		<key>F36C989C97DE4AC2B1751371</key>
		<dict>
			<key>includeInIndex</key>
			<string>1</string>
			<key>isa</key>
			<string>PBXFileReference</string>
			<key>lastKnownFileType</key>
			<string>text.xcconfig</string>
			<key>name</key>
			<string>Pods-Cross Stitch Library.xcconfig</string>
			<key>path</key>
			<string>Pods/Pods-Cross Stitch Library.xcconfig</string>
			<key>sourceTree</key>
			<string>SOURCE_ROOT</string>
		</dict>
	</dict>
	<key>rootObject</key>
	<string>ECC2328016D1372100105066</string>
</dict>
</plist>
